<?xml version="1.0" encoding="utf-8"?>
<Project ToolsVersion="4.0" xmlns="http://schemas.microsoft.com/developer/msbuild/2003">
  <ItemGroup>
    <Filter Include="Header">
      <UniqueIdentifier>{b4e0ffd3-a65c-449e-a14c-171e2be23e07}</UniqueIdentifier>
      <Extensions>h;hpp</Extensions>
    </Filter>
    <Filter Include="Source">
      <UniqueIdentifier>{a0b9dc6c-c586-4c05-9e02-0beba1fd9305}</UniqueIdentifier>
      <Extensions>cpp;c</Extensions>
    </Filter>
  </ItemGroup>
  <ItemGroup>
    <ClInclude Include="..\..\cdll_export.h">
      <Filter>Header</Filter>
    </ClInclude>
    <ClInclude Include="..\LoadBlob.h">
      <Filter>Header</Filter>
    </ClInclude>
    <ClInclude Include="..\metahook.h">
      <Filter>Header</Filter>
    </ClInclude>
  </ItemGroup>
  <ItemGroup>
    <ClCompile Include="..\cdll_export.cpp">
      <Filter>Source</Filter>
    </ClCompile>
    <ClCompile Include="..\..\Launcher\commandline.cpp">
      <Filter>Source</Filter>
    </ClCompile>
    <ClCompile Include="..\LoadBlob.cpp">
      <Filter>Source</Filter>
    </ClCompile>
    <ClCompile Include="..\..\metahook_proxy.cpp">
      <Filter>Source</Filter>
    </ClCompile>
    <ClCompile Include="..\..\Launcher\registry.cpp">
      <Filter>Source</Filter>
    </ClCompile>
  </ItemGroup>
</Project>