
Microsoft Visual Studio Solution File, Format Version 9.00
# Visual Studio 2005
Project("{8BC9CEB8-8B4A-11D0-8D11-00A0C91BC942}") = "MetaHook", "MetaHook.vcproj", "{9E1EFBA5-B0DE-43AA-9492-0CAE92997CC9}"
EndProject
Global
	GlobalSection(SolutionConfigurationPlatforms) = preSolution
		Debug|Win32 = Debug|Win32
		Release|Win32 = Release|Win32
	EndGlobalSection
	GlobalSection(ProjectConfigurationPlatforms) = postSolution
		{9E1EFBA5-B0DE-43AA-9492-0CAE92997CC9}.Debug|Win32.ActiveCfg = Debug|Win32
		{9E1EFBA5-B0DE-43AA-9492-0CAE92997CC9}.Debug|Win32.Build.0 = Debug|Win32
		{9E1EFBA5-B0DE-43AA-9492-0CAE92997CC9}.Release|Win32.ActiveCfg = Release|Win32
		{9E1EFBA5-B0DE-43AA-9492-0CAE92997CC9}.Release|Win32.Build.0 = Release|Win32
	EndGlobalSection
	GlobalSection(SolutionProperties) = preSolution
		HideSolutionNode = FALSE
	EndGlobalSection
EndGlobal
