<?xml version="1.0" encoding="utf-8"?>
<Project ToolsVersion="4.0" xmlns="http://schemas.microsoft.com/developer/msbuild/2003">
  <ItemGroup>
    <Filter Include="Header">
      <UniqueIdentifier>{e87f7acf-0104-462e-a33f-262dac22511d}</UniqueIdentifier>
      <Extensions>h;hpp</Extensions>
    </Filter>
    <Filter Include="Source">
      <UniqueIdentifier>{b66d410d-de99-4d3d-9d3d-a9bbe76a5feb}</UniqueIdentifier>
      <Extensions>c;cpp</Extensions>
    </Filter>
    <Filter Include="Detours">
      <UniqueIdentifier>{f2013771-161e-4c48-8afc-813ca078291f}</UniqueIdentifier>
    </Filter>
  </ItemGroup>
  <ItemGroup>
    <ClInclude Include="..\..\Detours\detours.h">
      <Filter>Header</Filter>
    </ClInclude>
    <ClInclude Include="..\..\Detours\detver.h">
      <Filter>Header</Filter>
    </ClInclude>
    <ClInclude Include="..\..\LoadBlob.h">
      <Filter>Header</Filter>
    </ClInclude>
    <ClInclude Include="..\..\memdll.h">
      <Filter>Header</Filter>
    </ClInclude>
    <ClInclude Include="..\..\metahook.h">
      <Filter>Header</Filter>
    </ClInclude>
  </ItemGroup>
  <ItemGroup>
    <ClCompile Include="..\..\Detours\detours.cpp">
      <Filter>Source</Filter>
    </ClCompile>
    <ClCompile Include="..\..\Detours\disasm.cpp">
      <Filter>Source</Filter>
    </ClCompile>
    <ClCompile Include="..\..\Detours\image.cpp">
      <Filter>Source</Filter>
    </ClCompile>
    <ClCompile Include="..\..\Detours\modules.cpp">
      <Filter>Source</Filter>
    </ClCompile>
    <ClCompile Include="..\..\LoadBlob.cpp">
      <Filter>Source</Filter>
    </ClCompile>
    <ClCompile Include="..\..\memdll.cpp">
      <Filter>Source</Filter>
    </ClCompile>
    <ClCompile Include="..\..\metahook.cpp">
      <Filter>Source</Filter>
    </ClCompile>
  </ItemGroup>
</Project>