<?xml version="1.0" encoding="utf-8"?>
<Project ToolsVersion="4.0" xmlns="http://schemas.microsoft.com/developer/msbuild/2003">
  <ItemGroup>
    <Filter Include="Source">
      <UniqueIdentifier>{4FC737F1-C7A5-4376-A066-2A32D752A2FF}</UniqueIdentifier>
      <Extensions>c;cpp</Extensions>
    </Filter>
    <Filter Include="Header">
      <UniqueIdentifier>{93995380-89BD-4b04-88EB-625FBE52EBFB}</UniqueIdentifier>
      <Extensions>h;hpp</Extensions>
    </Filter>
    <Filter Include="Resource">
      <UniqueIdentifier>{67DA6AB6-F800-4c08-8B7A-83BB121AAD01}</UniqueIdentifier>
      <Extensions>rc</Extensions>
    </Filter>
    <Filter Include="Interface">
      <UniqueIdentifier>{4b97fe9e-6fe9-4234-b740-690c2a78cd3b}</UniqueIdentifier>
    </Filter>
  </ItemGroup>
  <ItemGroup>
    <ClCompile Include="..\commandline.cpp">
      <Filter>Source</Filter>
    </ClCompile>
    <ClCompile Include="..\..\HLSDK\common\interface.cpp">
      <Filter>Source</Filter>
    </ClCompile>
    <ClCompile Include="..\launcher.cpp">
      <Filter>Source</Filter>
    </ClCompile>
    <ClCompile Include="..\..\LoadBlob.cpp">
      <Filter>Source</Filter>
    </ClCompile>
    <ClCompile Include="..\..\metahook_proxy.cpp">
      <Filter>Source</Filter>
    </ClCompile>
    <ClCompile Include="..\registry.cpp">
      <Filter>Source</Filter>
    </ClCompile>
    <ClCompile Include="..\sys_luncher.cpp">
      <Filter>Source</Filter>
    </ClCompile>
  </ItemGroup>
  <ItemGroup>
    <ClInclude Include="..\..\cdll_export.h">
      <Filter>Header</Filter>
    </ClInclude>
    <ClInclude Include="..\ExceptHandle.h">
      <Filter>Header</Filter>
    </ClInclude>
    <ClInclude Include="..\..\LoadBlob.h">
      <Filter>Header</Filter>
    </ClInclude>
    <ClInclude Include="..\..\memdll.h">
      <Filter>Header</Filter>
    </ClInclude>
    <ClInclude Include="..\..\metahook.h">
      <Filter>Header</Filter>
    </ClInclude>
    <ClInclude Include="..\..\resource.h">
      <Filter>Header</Filter>
    </ClInclude>
    <ClInclude Include="..\sys.h">
      <Filter>Header</Filter>
    </ClInclude>
    <ClInclude Include="..\..\Interface\ICommandLine.h">
      <Filter>Interface</Filter>
    </ClInclude>
    <ClInclude Include="..\..\Interface\IEngine.h">
      <Filter>Interface</Filter>
    </ClInclude>
    <ClInclude Include="..\..\Interface\IFileSystem.h">
      <Filter>Interface</Filter>
    </ClInclude>
    <ClInclude Include="..\..\Interface\IPlugins.h">
      <Filter>Interface</Filter>
    </ClInclude>
    <ClInclude Include="..\..\Interface\IPluginsV1.h">
      <Filter>Interface</Filter>
    </ClInclude>
    <ClInclude Include="..\..\Interface\IRegistry.h">
      <Filter>Interface</Filter>
    </ClInclude>
  </ItemGroup>
  <ItemGroup>
    <ResourceCompile Include="..\Launcher_Debug.rc">
      <Filter>Resource</Filter>
    </ResourceCompile>
    <ResourceCompile Include="..\Launcher_Release.rc">
      <Filter>Resource</Filter>
    </ResourceCompile>
  </ItemGroup>
</Project>